{
  "version": 4,
  "terraform_version": "1.5.7",
  "serial": 41,
  "lineage": "de81be47-3db0-fc36-1043-4c2f7841ae6c",
  "outputs": {
    "password": {
      "value": [
        "wcFMA5y/YSZ4w/ROARAAwghWlB0wbYivj6Y41bfwAFLBARmhI4HT4ksB/7lwBzSuOEcwfrFwvsGBYMbU00Byx9Tqpm1tK8//CK99as5yBjlFkKJnd1B585osBDHVxtqQ9zT1mVAdGBRHfeDitNkCrP8jH5maDrzlt4qg8gFzUgMsc+g6dXH6kva0d1IVwmXKONEG8hE+7q6PzAkeZgBRtKYYU8oyU1CjWuDdJSoYNEDll8r/I2tcAn/aElUwMMSv9NSMU7XRB+uTlvti/Q2fbSzUfLWSsJke0I62fVhYft2PRIiOWj0TqHJoIg3yDiBPh0zLRAVdMprQ09Ucexs2wh7PHPFmPwCINYouZdxAGxTkwnNmiAkXT45bwabdEsovsTJDrxG5VwSSlwVpOAyo49pK3CqGDhGZAEExnSCxrCQylkqGkvNzYEiut7EvIAOT/J0zSeHVw9Htct4i+PJSrMcEYxIV+ZrJBd+VbybKPs0biwu8IIDRfgvGOtV9vn0oK6+t2m30mfYJBWf63au01JOUp2d88z1Got/XGsztyZUyaFYjN0h492gfimVD8KjRGNCUWJyRGoGOj/MHnGywFZUJ/alpGbdPMSuyj7jAvdbFrOxOJidzmLNevs3RKMVx75D7JSjnKZHSxUjVgxbiySEURxZaVM3eeP+TdL6S/493eHRDTkNmK30aIYud7YbSRQH3CeNx/ckO3uQPctB8DWXmRF/9n4Ssd28RURjqC/HsvmGpQ6IyQKUz2wEaMELyE2zcmyh8cnQ6yvMyVYd9yVrvbODGSw==",
        "wcFMA5y/YSZ4w/ROARAAgw+7DpRG+ZGP0yjj+h9miMukHd+szYa3VbKcHQMkUCOd6VhuU7Fp1MmRDBwaUz5V/uC9VUXmfFn9HNwBhBo8Vw+0n/9tuxSx/SbISKpXileAmXLs/Km32crZjKqaG7ma7cF8W42YLnUqh4KEncD0slPNndBan2pCQUR2fyLoXYLuv4Ri+7BDKSCwRDKgG1vQfI29v2Gb/6mWPoXnHM70HT8CDdBNWFD++zCtV9TI2yt3Rr0gcsU+9yaYKwJHQ9WRsvJS9m6WMp1oJswA27wgPgvYuvbkHwYeMT8xtVdQ5c+B0H2RmKd4gZXItuAWIqjRmZ2XCCenoXWwenJDgPLG3K9pfe2U6NdBXXaZn/bt8oBqo9Dh7Cn/eo4VAx3IJ9cwGOjXCUyw/5QCXFT92LUB03pYgvDiPOrZYXdjYdpC2B7eiaiO2juP3BLiFsy8SjSYprfNyEMCpvpAWmy4nBoqXEUBg0Hu33MAFMZ6a/DnU4jAun9OIRyHSacN3s0wp2ee8TnWZU7M35K4nvIpnfsdeNCuN/3DOgj9YHf/ETDHtj4WJ48lyrRBop/ByAJpCpK8dHNyb+SY/h16g/lJMEfpvuycVp5V8bUJdxtd7LgXRlpkPu2urOKJwWl1D4n+0SkHcNaZi05zs+n2/rwpdvM3j8rzuE0aetXy0+d8H4JbhbXSRQH2vEi98up6AWR1W5wFTsXeRTzlCyMdnq6l/v+QtcyKqLv1/oQcHvkEF2gO9G99wye8kooTPGyFRk6hl/WbwlJT1xcCWQ=="
      ],
      "type": [
        "tuple",
        [
          "string",
          "string"
        ]
      ]
    }
  },
  "resources": [
    {
      "mode": "data",
      "type": "aws_caller_identity",
      "name": "current",
      "provider": "provider[\"registry.terraform.io/hashicorp/aws\"]",
      "instances": [
        {
          "schema_version": 0,
          "attributes": {
            "account_id": "823072875257",
            "arn": "arn:aws:iam::823072875257:user/Ola",
            "id": "823072875257",
            "user_id": "AIDA37IXXML4W2DUI5UWJ"
          },
          "sensitive_attributes": []
        }
      ]
    },
    {
      "mode": "data",
      "type": "aws_iam_policy_document",
      "name": "admin",
      "provider": "provider[\"registry.terraform.io/hashicorp/aws\"]",
      "instances": [
        {
          "schema_version": 0,
          "attributes": {
            "id": "236601581",
            "json": "{\n  \"Version\": \"2012-10-17\",\n  \"Statement\": [\n    {\n      \"Sid\": \"AllowAdmin\",\n      \"Effect\": \"Allow\",\n      \"Action\": \"*\",\n      \"Resource\": \"*\"\n    },\n    {\n      \"Sid\": \"AllowPassRole\",\n      \"Effect\": \"Allow\",\n      \"Action\": \"iam:PassRole\",\n      \"Resource\": \"*\",\n      \"Condition\": {\n        \"StringEquals\": {\n          \"iam:PassedToService\": \"eks.amazonaws.com\"\n        }\n      }\n    }\n  ]\n}",
            "override_policy_documents": null,
            "policy_id": null,
            "source_policy_documents": null,
            "statement": [
              {
                "actions": [
                  "*"
                ],
                "condition": [],
                "effect": "Allow",
                "not_actions": [],
                "not_principals": [],
                "not_resources": [],
                "principals": [],
                "resources": [
                  "*"
                ],
                "sid": "AllowAdmin"
              },
              {
                "actions": [
                  "iam:PassRole"
                ],
                "condition": [
                  {
                    "test": "StringEquals",
                    "values": [
                      "eks.amazonaws.com"
                    ],
                    "variable": "iam:PassedToService"
                  }
                ],
                "effect": "Allow",
                "not_actions": [],
                "not_principals": [],
                "not_resources": [],
                "principals": [],
                "resources": [
                  "*"
                ],
                "sid": "AllowPassRole"
              }
            ],
            "version": "2012-10-17"
          },
          "sensitive_attributes": []
        }
      ]
    },
    {
      "mode": "data",
      "type": "aws_iam_policy_document",
      "name": "developer",
      "provider": "provider[\"registry.terraform.io/hashicorp/aws\"]",
      "instances": [
        {
          "schema_version": 0,
          "attributes": {
            "id": "3146063397",
            "json": "{\n  \"Version\": \"2012-10-17\",\n  \"Statement\": [\n    {\n      \"Sid\": \"AllowDeveloper\",\n      \"Effect\": \"Allow\",\n      \"Action\": [\n        \"ssm:GetParameter\",\n        \"eks:ListUpdates\",\n        \"eks:ListNodegroups\",\n        \"eks:ListFargateProfiles\",\n        \"eks:ListClusters\",\n        \"eks:DescribeNodegroup\",\n        \"eks:DescribeCluster\",\n        \"eks:AccessKubernetesApi\"\n      ],\n      \"Resource\": \"*\"\n    }\n  ]\n}",
            "override_policy_documents": null,
            "policy_id": null,
            "source_policy_documents": null,
            "statement": [
              {
                "actions": [
                  "eks:AccessKubernetesApi",
                  "eks:DescribeCluster",
                  "eks:DescribeNodegroup",
                  "eks:ListClusters",
                  "eks:ListFargateProfiles",
                  "eks:ListNodegroups",
                  "eks:ListUpdates",
                  "ssm:GetParameter"
                ],
                "condition": [],
                "effect": "Allow",
                "not_actions": [],
                "not_principals": [],
                "not_resources": [],
                "principals": [],
                "resources": [
                  "*"
                ],
                "sid": "AllowDeveloper"
              }
            ],
            "version": "2012-10-17"
          },
          "sensitive_attributes": []
        }
      ]
    },
    {
      "mode": "data",
      "type": "aws_iam_policy_document",
      "name": "manager_assume_role",
      "provider": "provider[\"registry.terraform.io/hashicorp/aws\"]",
      "instances": [
        {
          "schema_version": 0,
          "attributes": {
            "id": "1201830800",
            "json": "{\n  \"Version\": \"2012-10-17\",\n  \"Statement\": [\n    {\n      \"Sid\": \"AllowManagerAssumeRole\",\n      \"Effect\": \"Allow\",\n      \"Action\": \"sts:AssumeRole\",\n      \"Principal\": {\n        \"AWS\": \"arn:aws:iam::823072875257:user/manager\"\n      }\n    }\n  ]\n}",
            "override_policy_documents": null,
            "policy_id": null,
            "source_policy_documents": null,
            "statement": [
              {
                "actions": [
                  "sts:AssumeRole"
                ],
                "condition": [],
                "effect": "Allow",
                "not_actions": [],
                "not_principals": [],
                "not_resources": [],
                "principals": [
                  {
                    "identifiers": [
                      "arn:aws:iam::823072875257:user/manager"
                    ],
                    "type": "AWS"
                  }
                ],
                "resources": [],
                "sid": "AllowManagerAssumeRole"
              }
            ],
            "version": "2012-10-17"
          },
          "sensitive_attributes": []
        }
      ]
    },
    {
      "mode": "managed",
      "type": "aws_iam_account_password_policy",
      "name": "strict",
      "provider": "provider[\"registry.terraform.io/hashicorp/aws\"]",
      "instances": [
        {
          "schema_version": 0,
          "attributes": {
            "allow_users_to_change_password": true,
            "expire_passwords": false,
            "hard_expiry": false,
            "id": "iam-account-password-policy",
            "max_password_age": 0,
            "minimum_password_length": 8,
            "password_reuse_prevention": 0,
            "require_lowercase_characters": true,
            "require_numbers": true,
            "require_symbols": true,
            "require_uppercase_characters": true
          },
          "sensitive_attributes": [],
          "private": "bnVsbA=="
        }
      ]
    },
    {
      "mode": "managed",
      "type": "aws_iam_group",
      "name": "eks_developer",
      "provider": "provider[\"registry.terraform.io/hashicorp/aws\"]",
      "instances": [
        {
          "schema_version": 0,
          "attributes": {
            "arn": "arn:aws:iam::823072875257:group/Developer",
            "id": "Developer",
            "name": "Developer",
            "path": "/",
            "unique_id": "AGPA37IXXML4U7AT5K5VU"
          },
          "sensitive_attributes": [],
          "private": "bnVsbA=="
        }
      ]
    },
    {
      "mode": "managed",
      "type": "aws_iam_group_membership",
      "name": "db_team",
      "provider": "provider[\"registry.terraform.io/hashicorp/aws\"]",
      "instances": [
        {
          "schema_version": 0,
          "attributes": {
            "group": "Developer",
            "id": "dev-group-membership",
            "name": "dev-group-membership",
            "users": [
              "yusuf"
            ]
          },
          "sensitive_attributes": [],
          "private": "bnVsbA==",
          "dependencies": [
            "aws_iam_group.eks_developer",
            "aws_iam_user.eks_user"
          ]
        }
      ]
    },
    {
      "mode": "managed",
      "type": "aws_iam_group_policy",
      "name": "developer_policy",
      "provider": "provider[\"registry.terraform.io/hashicorp/aws\"]",
      "instances": [
        {
          "schema_version": 0,
          "attributes": {
            "group": "Developer",
            "id": "Developer:developer",
            "name": "developer",
            "name_prefix": null,
            "policy": "{\"Version\":\"2012-10-17\",\"Statement\":[{\"Action\":[\"ssm:GetParameter\",\"eks:ListUpdates\",\"eks:ListNodegroups\",\"eks:ListFargateProfiles\",\"eks:ListClusters\",\"eks:DescribeNodegroup\",\"eks:DescribeCluster\",\"eks:AccessKubernetesApi\"],\"Effect\":\"Allow\",\"Resource\":\"*\",\"Sid\":\"AllowDeveloper\"}]}"
          },
          "sensitive_attributes": [],
          "private": "bnVsbA==",
          "dependencies": [
            "aws_iam_group.eks_developer",
            "data.aws_iam_policy_document.developer"
          ]
        }
      ]
    },
    {
      "mode": "managed",
      "type": "aws_iam_policy",
      "name": "eks_admin",
      "provider": "provider[\"registry.terraform.io/hashicorp/aws\"]",
      "instances": [
        {
          "schema_version": 0,
          "attributes": {
            "arn": "arn:aws:iam::823072875257:policy/eks-admin",
            "description": "",
            "id": "arn:aws:iam::823072875257:policy/eks-admin",
            "name": "eks-admin",
            "name_prefix": "",
            "path": "/",
            "policy": "{\"Statement\":[{\"Action\":\"*\",\"Effect\":\"Allow\",\"Resource\":\"*\",\"Sid\":\"AllowAdmin\"},{\"Action\":\"iam:PassRole\",\"Condition\":{\"StringEquals\":{\"iam:PassedToService\":\"eks.amazonaws.com\"}},\"Effect\":\"Allow\",\"Resource\":\"*\",\"Sid\":\"AllowPassRole\"}],\"Version\":\"2012-10-17\"}",
            "policy_id": "ANPA37IXXML46RWNCQXGD",
            "tags": null,
            "tags_all": {
              "team": "DevOps"
            }
          },
          "sensitive_attributes": [],
          "private": "bnVsbA==",
          "dependencies": [
            "data.aws_iam_policy_document.admin"
          ]
        }
      ]
    },
    {
      "mode": "managed",
      "type": "aws_iam_role",
      "name": "managers",
      "provider": "provider[\"registry.terraform.io/hashicorp/aws\"]",
      "instances": [
        {
          "schema_version": 0,
          "attributes": {
            "arn": "arn:aws:iam::823072875257:role/Manager-eks-Role",
            "assume_role_policy": "{\"Statement\":[{\"Action\":\"sts:AssumeRole\",\"Effect\":\"Allow\",\"Principal\":{\"AWS\":\"arn:aws:iam::823072875257:user/manager\"},\"Sid\":\"AllowManagerAssumeRole\"}],\"Version\":\"2012-10-17\"}",
            "create_date": "2023-10-11T14:44:25Z",
            "description": "",
            "force_detach_policies": false,
            "id": "Manager-eks-Role",
            "inline_policy": [],
            "managed_policy_arns": [],
            "max_session_duration": 3600,
            "name": "Manager-eks-Role",
            "name_prefix": "",
            "path": "/",
            "permissions_boundary": null,
            "tags": null,
            "tags_all": {
              "team": "DevOps"
            },
            "unique_id": "AROA37IXXML477RBVGJC2"
          },
          "sensitive_attributes": [],
          "private": "bnVsbA==",
          "dependencies": [
            "data.aws_iam_policy_document.manager_assume_role"
          ]
        }
      ]
    },
    {
      "mode": "managed",
      "type": "aws_iam_role_policy_attachment",
      "name": "admin_policy",
      "provider": "provider[\"registry.terraform.io/hashicorp/aws\"]",
      "instances": [
        {
          "schema_version": 0,
          "attributes": {
            "id": "Manager-eks-Role-20231011144426420100000001",
            "policy_arn": "arn:aws:iam::823072875257:policy/eks-admin",
            "role": "Manager-eks-Role"
          },
          "sensitive_attributes": [],
          "private": "bnVsbA==",
          "dependencies": [
            "aws_iam_policy.eks_admin",
            "aws_iam_role.managers",
            "data.aws_iam_policy_document.admin",
            "data.aws_iam_policy_document.manager_assume_role"
          ]
        }
      ]
    },
    {
      "mode": "managed",
      "type": "aws_iam_user",
      "name": "eks_user",
      "provider": "provider[\"registry.terraform.io/hashicorp/aws\"]",
      "instances": [
        {
          "index_key": 0,
          "schema_version": 0,
          "attributes": {
            "arn": "arn:aws:iam::823072875257:user/yusuf",
            "force_destroy": true,
            "id": "yusuf",
            "name": "yusuf",
            "path": "/",
            "permissions_boundary": null,
            "tags": {
              "Department": "eks-user"
            },
            "tags_all": {
              "Department": "eks-user",
              "team": "DevOps"
            },
            "unique_id": "AIDA37IXXML46MBK4EERY"
          },
          "sensitive_attributes": [],
          "private": "bnVsbA=="
        },
        {
          "index_key": 1,
          "schema_version": 0,
          "attributes": {
            "arn": "arn:aws:iam::823072875257:user/manager",
            "force_destroy": true,
            "id": "manager",
            "name": "manager",
            "path": "/",
            "permissions_boundary": null,
            "tags": {
              "Department": "eks-user"
            },
            "tags_all": {
              "Department": "eks-user",
              "team": "DevOps"
            },
            "unique_id": "AIDA37IXXML4RTQRYP452"
          },
          "sensitive_attributes": [],
          "private": "bnVsbA=="
        }
      ]
    },
    {
      "mode": "managed",
      "type": "aws_iam_user_login_profile",
      "name": "DB_user",
      "provider": "provider[\"registry.terraform.io/hashicorp/aws\"]",
      "instances": [
        {
          "index_key": 0,
          "schema_version": 0,
          "attributes": {
            "encrypted_password": "wcFMA5y/YSZ4w/ROARAAwghWlB0wbYivj6Y41bfwAFLBARmhI4HT4ksB/7lwBzSuOEcwfrFwvsGBYMbU00Byx9Tqpm1tK8//CK99as5yBjlFkKJnd1B585osBDHVxtqQ9zT1mVAdGBRHfeDitNkCrP8jH5maDrzlt4qg8gFzUgMsc+g6dXH6kva0d1IVwmXKONEG8hE+7q6PzAkeZgBRtKYYU8oyU1CjWuDdJSoYNEDll8r/I2tcAn/aElUwMMSv9NSMU7XRB+uTlvti/Q2fbSzUfLWSsJke0I62fVhYft2PRIiOWj0TqHJoIg3yDiBPh0zLRAVdMprQ09Ucexs2wh7PHPFmPwCINYouZdxAGxTkwnNmiAkXT45bwabdEsovsTJDrxG5VwSSlwVpOAyo49pK3CqGDhGZAEExnSCxrCQylkqGkvNzYEiut7EvIAOT/J0zSeHVw9Htct4i+PJSrMcEYxIV+ZrJBd+VbybKPs0biwu8IIDRfgvGOtV9vn0oK6+t2m30mfYJBWf63au01JOUp2d88z1Got/XGsztyZUyaFYjN0h492gfimVD8KjRGNCUWJyRGoGOj/MHnGywFZUJ/alpGbdPMSuyj7jAvdbFrOxOJidzmLNevs3RKMVx75D7JSjnKZHSxUjVgxbiySEURxZaVM3eeP+TdL6S/493eHRDTkNmK30aIYud7YbSRQH3CeNx/ckO3uQPctB8DWXmRF/9n4Ssd28RURjqC/HsvmGpQ6IyQKUz2wEaMELyE2zcmyh8cnQ6yvMyVYd9yVrvbODGSw==",
            "id": "yusuf",
            "key_fingerprint": "8b6f34919832a1203c55bf449cbf612678c3f44e",
            "password": null,
            "password_length": 20,
            "password_reset_required": true,
            "pgp_key": "keybase:yusuf",
            "user": "yusuf"
          },
          "sensitive_attributes": [],
          "private": "bnVsbA==",
          "dependencies": [
            "aws_iam_user.eks_user"
          ]
        },
        {
          "index_key": 1,
          "schema_version": 0,
          "attributes": {
            "encrypted_password": "wcFMA5y/YSZ4w/ROARAAgw+7DpRG+ZGP0yjj+h9miMukHd+szYa3VbKcHQMkUCOd6VhuU7Fp1MmRDBwaUz5V/uC9VUXmfFn9HNwBhBo8Vw+0n/9tuxSx/SbISKpXileAmXLs/Km32crZjKqaG7ma7cF8W42YLnUqh4KEncD0slPNndBan2pCQUR2fyLoXYLuv4Ri+7BDKSCwRDKgG1vQfI29v2Gb/6mWPoXnHM70HT8CDdBNWFD++zCtV9TI2yt3Rr0gcsU+9yaYKwJHQ9WRsvJS9m6WMp1oJswA27wgPgvYuvbkHwYeMT8xtVdQ5c+B0H2RmKd4gZXItuAWIqjRmZ2XCCenoXWwenJDgPLG3K9pfe2U6NdBXXaZn/bt8oBqo9Dh7Cn/eo4VAx3IJ9cwGOjXCUyw/5QCXFT92LUB03pYgvDiPOrZYXdjYdpC2B7eiaiO2juP3BLiFsy8SjSYprfNyEMCpvpAWmy4nBoqXEUBg0Hu33MAFMZ6a/DnU4jAun9OIRyHSacN3s0wp2ee8TnWZU7M35K4nvIpnfsdeNCuN/3DOgj9YHf/ETDHtj4WJ48lyrRBop/ByAJpCpK8dHNyb+SY/h16g/lJMEfpvuycVp5V8bUJdxtd7LgXRlpkPu2urOKJwWl1D4n+0SkHcNaZi05zs+n2/rwpdvM3j8rzuE0aetXy0+d8H4JbhbXSRQH2vEi98up6AWR1W5wFTsXeRTzlCyMdnq6l/v+QtcyKqLv1/oQcHvkEF2gO9G99wye8kooTPGyFRk6hl/WbwlJT1xcCWQ==",
            "id": "manager",
            "key_fingerprint": "8b6f34919832a1203c55bf449cbf612678c3f44e",
            "password": null,
            "password_length": 20,
            "password_reset_required": true,
            "pgp_key": "keybase:yusuf",
            "user": "manager"
          },
          "sensitive_attributes": [],
          "private": "bnVsbA==",
          "dependencies": [
            "aws_iam_user.eks_user"
          ]
        }
      ]
    }
  ],
  "check_results": null
}
