{
  "version": 4,
  "terraform_version": "1.5.7",
  "serial": 61,
  "lineage": "de81be47-3db0-fc36-1043-4c2f7841ae6c",
  "outputs": {
    "password": {
      "value": [
        "wcFMA5y/YSZ4w/ROARAA0Zsw9lg3sXsfofuAe8XH141pgDDdyNigCSh5WrvF8QfcM58GYuwzie9H+RJdOTmXrLZV42Q8mJjNoy9Vo/zFM8VUUNWlKZzwUu8f9bgtK1A97u4rNM/Ze7vU+62MVAUYXNI+JPkmop3aa6EhkZn7OfbbKysjHui1TNtkziV+haFZLRmabjuY+ZbLckDywx+TabOhbXWAVmbcL2ZfMKhdiy0BjitNbiZ8Lwr9uppY3Q06SrheOnGGjCyWZGAGlKAFa4kO9YPCkfIg0ssPpI1P4Op3lQLUOr0AQxohe57ixwn0Xf+3hoiEO2/9Yc//DnrfL2YbmeQ4BUv2s3E8ZtaXmp6w+424/puDWvg/5YW8nxpNtwV/f7kNigYCjgFTDu2DRLitK2HGN7wAFxER6J+AfZLbvr9mWSJoZEtbhSlQkos+IFHiGYDWrvRhjy7Nrfj1Kp5nO1BHO9olyCGiioMyIj1ICThNjWbph4lXXfovAB4Z4lC+MkgH/uvpDTFEo2r/nD4f8O/4qL19vnMrMvD19sxir4JX8bnPZX9U0dtn5x7+Cr7kNL36GAkli8MpK+jOajczY7r5KY8faGa/tNsKKsLchgALOfqu76UfAtwXJtOxV+HeeaRzQoMBwDtf+Z68FVSm1gRiVKOrbEhTKZ2EKQNRXXdKTCMtht9vbMJEul3SRQE3f5AWb4a/mBw0p8eUd5Pcd5v3vEteZ6AtEe43mcZtIMCEhsQqZyhLMLJhiYQCxL6ftuKRLg5My2t0gapoc5hzwVuoEw==",
        "wcFMA5y/YSZ4w/ROAQ//QCrJxH2CkPrNnxbrXkaEH6vLfqzKD0r/yip9+tuXWrdSa0WUU1DSDv1ksqJLlZXwPjId+bgb2I4/oSAPZR3V3rZK47+ogkYHYX6amcZ7CznGTdB7ILEK/zfpJS9hX7XqOMeVlOlwl/dXPcNiW3nQQrw+FFo/50Rq3/elP/fUgq1Xl93eI42NWqZVGDmxc83Uc+WOoO8XOTnLEzeNJfW3XqSORrUKMCxkrYV3WXuTMQ/zvqaQkh50YMjKmbPeGzdcYdgMUcVjXAjCK6ppwF5cSPxFwQbMZ07+kLrKXGH92/pMgpwlJz2KKn+MDNXrLNf4HYDiCalZpZWBRELSBZ+kKwEKBy9gRUYnbM1CJDXqfP4dJQNPY0TjU0aNKa7ueNn3tqZNvTGyJ9Q045lMqUOUH2mgvJDnZFfW6/fsHku/HMxVa7Dq/z9NyNfynJnaDZLoYspLBPujmC8KYZbip3R7Y1TosVGELPfLEnnLRZoYNeE7oG929Xoj9gdIHPvvHc1DLufeb1CjN0kk4XBEVPH2PLx297OJFGON48rLYpjzCv79mDLvrqCqW7yq1+yz6f4MeLcFZtgZDiIqxlIxSfG9GdUE20TZd0QSvdFQL9gmpr75FxL8fRBzUXI45VA27dWB36L68uQ65k8McknH9wZ3DSNTw8DaV8+UmpRAuFjUqabSRQF9QK4ystYMVHahrmvn3d7hOuwibcCWUsEZOUlxe6ihPl/fK/zv6y/BiJdyWelNbBbc7JfdZt7CY4Y/TgwpR337N8QxlA==",
        "wcFMA5y/YSZ4w/ROARAAqbfsOHPn57JgzbFFLTZlPSh0tEHeQUuUe0Y282DnQm8/NkfgJA30BlvpRdR2cMQV0iQB+HX0VKlRbxTmQGkOCr4MGKC8Bd9Mtb06opmm/3F/2AVI1JOWAm27FjoBIoont+Dg/o05s5QdA/jcABpNv1aaHGTjM+CGfqDcL2RlTZfQ67kXvZAr6Ghv2VXyNm0OkSVjRZhxqOStyCYf6SDbPiYnW9UcRhS64pSGdJqkgI4jkmaNFRNwFjrQ8rP6V0E2oYwwFe7dNzzw+XrkUvyZBot570EvPfOERYX6n8HMb+UJdFDbaxcqWb2CpLnEBiztkEYCvW6PObOvGrnZdQItNnomwIVFG0crU6udX/ejiMzAqkRhCsf/uJevdBtWfFsMuFj3lazRbVSdklmQ5ZNTuDFdgd4g5FokFf/rxQCkJifmR9HAPx7xDTgep/80aJr7mXitRSPqCPuYFADr9AuBk58970tY8xrip8xRmvyy+36untc/bMruB1EzM1ZfF2Mwb94YmLcKGtdsxGoD/RSEEB8tATqoVYMpoQr79CbaGYQwVaGbPF++6GHxf6WUNGhIChS3+5ZEmt3+Un24vaYb2clYUfRCVrrN4b5DLAeldfi4n2Xn/JExYrvgYA2SaNO//NdEPNhkyBQB8si8bj/Eks9KHsT7OxrUXW2qyz0nckbSRQHB0bTqmNKZSa/qdoXMKlOALAyX1IWld5DS+YgUeKSwz0nx3X3E9Uwb9Pa96tzjniZ1hQM0KuWlmsEgU+P4stuH70fYcw=="
      ],
      "type": [
        "tuple",
        [
          "string",
          "string",
          "string"
        ]
      ]
    }
  },
  "resources": [
    {
      "mode": "data",
      "type": "aws_caller_identity",
      "name": "current",
      "provider": "provider[\"registry.terraform.io/hashicorp/aws\"]",
      "instances": [
        {
          "schema_version": 0,
          "attributes": {
            "account_id": "823072875257",
            "arn": "arn:aws:iam::823072875257:user/Ola",
            "id": "823072875257",
            "user_id": "AIDA37IXXML4W2DUI5UWJ"
          },
          "sensitive_attributes": []
        }
      ]
    },
    {
      "mode": "data",
      "type": "aws_iam_policy_document",
      "name": "developer",
      "provider": "provider[\"registry.terraform.io/hashicorp/aws\"]",
      "instances": [
        {
          "schema_version": 0,
          "attributes": {
            "id": "3146063397",
            "json": "{\n  \"Version\": \"2012-10-17\",\n  \"Statement\": [\n    {\n      \"Sid\": \"AllowDeveloper\",\n      \"Effect\": \"Allow\",\n      \"Action\": [\n        \"ssm:GetParameter\",\n        \"eks:ListUpdates\",\n        \"eks:ListNodegroups\",\n        \"eks:ListFargateProfiles\",\n        \"eks:ListClusters\",\n        \"eks:DescribeNodegroup\",\n        \"eks:DescribeCluster\",\n        \"eks:AccessKubernetesApi\"\n      ],\n      \"Resource\": \"*\"\n    }\n  ]\n}",
            "override_policy_documents": null,
            "policy_id": null,
            "source_policy_documents": null,
            "statement": [
              {
                "actions": [
                  "eks:AccessKubernetesApi",
                  "eks:DescribeCluster",
                  "eks:DescribeNodegroup",
                  "eks:ListClusters",
                  "eks:ListFargateProfiles",
                  "eks:ListNodegroups",
                  "eks:ListUpdates",
                  "ssm:GetParameter"
                ],
                "condition": [],
                "effect": "Allow",
                "not_actions": [],
                "not_principals": [],
                "not_resources": [],
                "principals": [],
                "resources": [
                  "*"
                ],
                "sid": "AllowDeveloper"
              }
            ],
            "version": "2012-10-17"
          },
          "sensitive_attributes": []
        }
      ]
    },
    {
      "mode": "data",
      "type": "aws_iam_policy_document",
      "name": "masters",
      "provider": "provider[\"registry.terraform.io/hashicorp/aws\"]",
      "instances": [
        {
          "schema_version": 0,
          "attributes": {
            "id": "236601581",
            "json": "{\n  \"Version\": \"2012-10-17\",\n  \"Statement\": [\n    {\n      \"Sid\": \"AllowAdmin\",\n      \"Effect\": \"Allow\",\n      \"Action\": \"*\",\n      \"Resource\": \"*\"\n    },\n    {\n      \"Sid\": \"AllowPassRole\",\n      \"Effect\": \"Allow\",\n      \"Action\": \"iam:PassRole\",\n      \"Resource\": \"*\",\n      \"Condition\": {\n        \"StringEquals\": {\n          \"iam:PassedToService\": \"eks.amazonaws.com\"\n        }\n      }\n    }\n  ]\n}",
            "override_policy_documents": null,
            "policy_id": null,
            "source_policy_documents": null,
            "statement": [
              {
                "actions": [
                  "*"
                ],
                "condition": [],
                "effect": "Allow",
                "not_actions": [],
                "not_principals": [],
                "not_resources": [],
                "principals": [],
                "resources": [
                  "*"
                ],
                "sid": "AllowAdmin"
              },
              {
                "actions": [
                  "iam:PassRole"
                ],
                "condition": [
                  {
                    "test": "StringEquals",
                    "values": [
                      "eks.amazonaws.com"
                    ],
                    "variable": "iam:PassedToService"
                  }
                ],
                "effect": "Allow",
                "not_actions": [],
                "not_principals": [],
                "not_resources": [],
                "principals": [],
                "resources": [
                  "*"
                ],
                "sid": "AllowPassRole"
              }
            ],
            "version": "2012-10-17"
          },
          "sensitive_attributes": []
        }
      ]
    },
    {
      "mode": "data",
      "type": "aws_iam_policy_document",
      "name": "masters_assume_role",
      "provider": "provider[\"registry.terraform.io/hashicorp/aws\"]",
      "instances": [
        {
          "schema_version": 0,
          "attributes": {
            "id": "3855675007",
            "json": "{\n  \"Version\": \"2012-10-17\",\n  \"Statement\": [\n    {\n      \"Sid\": \"AllowAccountAssumeRole\",\n      \"Effect\": \"Allow\",\n      \"Action\": \"sts:AssumeRole\",\n      \"Principal\": {\n        \"AWS\": \"823072875257\"\n      }\n    }\n  ]\n}",
            "override_policy_documents": null,
            "policy_id": null,
            "source_policy_documents": null,
            "statement": [
              {
                "actions": [
                  "sts:AssumeRole"
                ],
                "condition": [],
                "effect": "Allow",
                "not_actions": [],
                "not_principals": [],
                "not_resources": [],
                "principals": [
                  {
                    "identifiers": [
                      "823072875257"
                    ],
                    "type": "AWS"
                  }
                ],
                "resources": [],
                "sid": "AllowAccountAssumeRole"
              }
            ],
            "version": "2012-10-17"
          },
          "sensitive_attributes": []
        }
      ]
    },
    {
      "mode": "data",
      "type": "aws_iam_policy_document",
      "name": "masters_role",
      "provider": "provider[\"registry.terraform.io/hashicorp/aws\"]",
      "instances": [
        {
          "schema_version": 0,
          "attributes": {
            "id": "1049776718",
            "json": "{\n  \"Version\": \"2012-10-17\",\n  \"Statement\": [\n    {\n      \"Sid\": \"AllowMastersAssumeRole\",\n      \"Effect\": \"Allow\",\n      \"Action\": \"sts:AssumeRole\",\n      \"Resource\": \"arn:aws:iam::823072875257:role/Masters-eks-Role\"\n    }\n  ]\n}",
            "override_policy_documents": null,
            "policy_id": null,
            "source_policy_documents": null,
            "statement": [
              {
                "actions": [
                  "sts:AssumeRole"
                ],
                "condition": [],
                "effect": "Allow",
                "not_actions": [],
                "not_principals": [],
                "not_resources": [],
                "principals": [],
                "resources": [
                  "arn:aws:iam::823072875257:role/Masters-eks-Role"
                ],
                "sid": "AllowMastersAssumeRole"
              }
            ],
            "version": "2012-10-17"
          },
          "sensitive_attributes": []
        }
      ]
    },
    {
      "mode": "managed",
      "type": "aws_iam_account_password_policy",
      "name": "strict",
      "provider": "provider[\"registry.terraform.io/hashicorp/aws\"]",
      "instances": [
        {
          "schema_version": 0,
          "attributes": {
            "allow_users_to_change_password": true,
            "expire_passwords": false,
            "hard_expiry": false,
            "id": "iam-account-password-policy",
            "max_password_age": 0,
            "minimum_password_length": 8,
            "password_reuse_prevention": 0,
            "require_lowercase_characters": true,
            "require_numbers": true,
            "require_symbols": true,
            "require_uppercase_characters": true
          },
          "sensitive_attributes": [],
          "private": "bnVsbA=="
        }
      ]
    },
    {
      "mode": "managed",
      "type": "aws_iam_group",
      "name": "eks_developer",
      "provider": "provider[\"registry.terraform.io/hashicorp/aws\"]",
      "instances": [
        {
          "schema_version": 0,
          "attributes": {
            "arn": "arn:aws:iam::823072875257:group/Developer",
            "id": "Developer",
            "name": "Developer",
            "path": "/",
            "unique_id": "AGPA37IXXML47U2OQBRRY"
          },
          "sensitive_attributes": [],
          "private": "bnVsbA=="
        }
      ]
    },
    {
      "mode": "managed",
      "type": "aws_iam_group",
      "name": "eks_masters",
      "provider": "provider[\"registry.terraform.io/hashicorp/aws\"]",
      "instances": [
        {
          "schema_version": 0,
          "attributes": {
            "arn": "arn:aws:iam::823072875257:group/Masters",
            "id": "Masters",
            "name": "Masters",
            "path": "/",
            "unique_id": "AGPA37IXXML4SMX5LRURJ"
          },
          "sensitive_attributes": [],
          "private": "bnVsbA=="
        }
      ]
    },
    {
      "mode": "managed",
      "type": "aws_iam_group_membership",
      "name": "developer_team",
      "provider": "provider[\"registry.terraform.io/hashicorp/aws\"]",
      "instances": [
        {
          "schema_version": 0,
          "attributes": {
            "group": "Developer",
            "id": "dev-group-membership",
            "name": "dev-group-membership",
            "users": [
              "yusuf"
            ]
          },
          "sensitive_attributes": [],
          "private": "bnVsbA==",
          "dependencies": [
            "aws_iam_group.eks_developer",
            "aws_iam_user.eks_user"
          ]
        }
      ]
    },
    {
      "mode": "managed",
      "type": "aws_iam_group_membership",
      "name": "masters_team",
      "provider": "provider[\"registry.terraform.io/hashicorp/aws\"]",
      "instances": [
        {
          "schema_version": 0,
          "attributes": {
            "group": "Masters",
            "id": "masters-group-membership",
            "name": "masters-group-membership",
            "users": [
              "Ahniya",
              "manager"
            ]
          },
          "sensitive_attributes": [],
          "private": "bnVsbA==",
          "dependencies": [
            "aws_iam_group.eks_masters",
            "aws_iam_user.eks_user"
          ]
        }
      ]
    },
    {
      "mode": "managed",
      "type": "aws_iam_group_policy",
      "name": "developer_policy",
      "provider": "provider[\"registry.terraform.io/hashicorp/aws\"]",
      "instances": [
        {
          "schema_version": 0,
          "attributes": {
            "group": "Developer",
            "id": "Developer:developer",
            "name": "developer",
            "name_prefix": null,
            "policy": "{\"Version\":\"2012-10-17\",\"Statement\":[{\"Action\":[\"ssm:GetParameter\",\"eks:ListUpdates\",\"eks:ListNodegroups\",\"eks:ListFargateProfiles\",\"eks:ListClusters\",\"eks:DescribeNodegroup\",\"eks:DescribeCluster\",\"eks:AccessKubernetesApi\"],\"Effect\":\"Allow\",\"Resource\":\"*\",\"Sid\":\"AllowDeveloper\"}]}"
          },
          "sensitive_attributes": [],
          "private": "bnVsbA==",
          "dependencies": [
            "aws_iam_group.eks_developer",
            "data.aws_iam_policy_document.developer"
          ]
        }
      ]
    },
    {
      "mode": "managed",
      "type": "aws_iam_group_policy",
      "name": "masters_policy",
      "provider": "provider[\"registry.terraform.io/hashicorp/aws\"]",
      "instances": [
        {
          "schema_version": 0,
          "attributes": {
            "group": "Masters",
            "id": "Masters:Masters",
            "name": "Masters",
            "name_prefix": null,
            "policy": "{\"Version\":\"2012-10-17\",\"Statement\":[{\"Action\":\"sts:AssumeRole\",\"Effect\":\"Allow\",\"Resource\":\"arn:aws:iam::823072875257:role/Masters-eks-Role\",\"Sid\":\"AllowMastersAssumeRole\"}]}"
          },
          "sensitive_attributes": [],
          "private": "bnVsbA==",
          "dependencies": [
            "aws_iam_group.eks_masters",
            "data.aws_iam_policy_document.masters_role"
          ]
        }
      ]
    },
    {
      "mode": "managed",
      "type": "aws_iam_policy",
      "name": "eks_admin",
      "provider": "provider[\"registry.terraform.io/hashicorp/aws\"]",
      "instances": [
        {
          "schema_version": 0,
          "attributes": {
            "arn": "arn:aws:iam::823072875257:policy/eks-masters",
            "description": "",
            "id": "arn:aws:iam::823072875257:policy/eks-masters",
            "name": "eks-masters",
            "name_prefix": "",
            "path": "/",
            "policy": "{\"Statement\":[{\"Action\":\"*\",\"Effect\":\"Allow\",\"Resource\":\"*\",\"Sid\":\"AllowAdmin\"},{\"Action\":\"iam:PassRole\",\"Condition\":{\"StringEquals\":{\"iam:PassedToService\":\"eks.amazonaws.com\"}},\"Effect\":\"Allow\",\"Resource\":\"*\",\"Sid\":\"AllowPassRole\"}],\"Version\":\"2012-10-17\"}",
            "policy_id": "ANPA37IXXML4TFLIG2NM3",
            "tags": null,
            "tags_all": {
              "team": "DevOps"
            }
          },
          "sensitive_attributes": [],
          "private": "bnVsbA==",
          "dependencies": [
            "data.aws_iam_policy_document.masters"
          ]
        }
      ]
    },
    {
      "mode": "managed",
      "type": "aws_iam_role",
      "name": "masters",
      "provider": "provider[\"registry.terraform.io/hashicorp/aws\"]",
      "instances": [
        {
          "schema_version": 0,
          "attributes": {
            "arn": "arn:aws:iam::823072875257:role/Masters-eks-Role",
            "assume_role_policy": "{\"Statement\":[{\"Action\":\"sts:AssumeRole\",\"Effect\":\"Allow\",\"Principal\":{\"AWS\":\"823072875257\"},\"Sid\":\"AllowAccountAssumeRole\"}],\"Version\":\"2012-10-17\"}",
            "create_date": "2023-10-22T20:51:09Z",
            "description": "",
            "force_detach_policies": false,
            "id": "Masters-eks-Role",
            "inline_policy": [],
            "managed_policy_arns": [],
            "max_session_duration": 3600,
            "name": "Masters-eks-Role",
            "name_prefix": "",
            "path": "/",
            "permissions_boundary": null,
            "tags": null,
            "tags_all": {
              "team": "DevOps"
            },
            "unique_id": "AROA37IXXML4U3ZPSVIKE"
          },
          "sensitive_attributes": [],
          "private": "bnVsbA==",
          "dependencies": [
            "data.aws_iam_policy_document.masters_assume_role"
          ]
        }
      ]
    },
    {
      "mode": "managed",
      "type": "aws_iam_role_policy_attachment",
      "name": "admin_policy",
      "provider": "provider[\"registry.terraform.io/hashicorp/aws\"]",
      "instances": [
        {
          "schema_version": 0,
          "attributes": {
            "id": "Masters-eks-Role-20231022205109960800000001",
            "policy_arn": "arn:aws:iam::823072875257:policy/eks-masters",
            "role": "Masters-eks-Role"
          },
          "sensitive_attributes": [],
          "private": "bnVsbA==",
          "dependencies": [
            "aws_iam_policy.eks_admin",
            "aws_iam_role.masters",
            "data.aws_iam_policy_document.masters",
            "data.aws_iam_policy_document.masters_assume_role"
          ]
        }
      ]
    },
    {
      "mode": "managed",
      "type": "aws_iam_user",
      "name": "eks_user",
      "provider": "provider[\"registry.terraform.io/hashicorp/aws\"]",
      "instances": [
        {
          "index_key": 0,
          "schema_version": 0,
          "attributes": {
            "arn": "arn:aws:iam::823072875257:user/yusuf",
            "force_destroy": true,
            "id": "yusuf",
            "name": "yusuf",
            "path": "/",
            "permissions_boundary": null,
            "tags": {
              "Department": "eks-user"
            },
            "tags_all": {
              "Department": "eks-user",
              "team": "DevOps"
            },
            "unique_id": "AIDA37IXXML4W63B4ELDO"
          },
          "sensitive_attributes": [],
          "private": "bnVsbA=="
        },
        {
          "index_key": 1,
          "schema_version": 0,
          "attributes": {
            "arn": "arn:aws:iam::823072875257:user/manager",
            "force_destroy": true,
            "id": "manager",
            "name": "manager",
            "path": "/",
            "permissions_boundary": null,
            "tags": {
              "Department": "eks-user"
            },
            "tags_all": {
              "Department": "eks-user",
              "team": "DevOps"
            },
            "unique_id": "AIDA37IXXML4SVXO6MAC4"
          },
          "sensitive_attributes": [],
          "private": "bnVsbA=="
        },
        {
          "index_key": 2,
          "schema_version": 0,
          "attributes": {
            "arn": "arn:aws:iam::823072875257:user/Ahniya",
            "force_destroy": true,
            "id": "Ahniya",
            "name": "Ahniya",
            "path": "/",
            "permissions_boundary": null,
            "tags": {
              "Department": "eks-user"
            },
            "tags_all": {
              "Department": "eks-user",
              "team": "DevOps"
            },
            "unique_id": "AIDA37IXXML4QWYMDDOU4"
          },
          "sensitive_attributes": [],
          "private": "bnVsbA=="
        }
      ]
    },
    {
      "mode": "managed",
      "type": "aws_iam_user_login_profile",
      "name": "EKS_user",
      "provider": "provider[\"registry.terraform.io/hashicorp/aws\"]",
      "instances": [
        {
          "index_key": 0,
          "schema_version": 0,
          "attributes": {
            "encrypted_password": "wcFMA5y/YSZ4w/ROARAA0Zsw9lg3sXsfofuAe8XH141pgDDdyNigCSh5WrvF8QfcM58GYuwzie9H+RJdOTmXrLZV42Q8mJjNoy9Vo/zFM8VUUNWlKZzwUu8f9bgtK1A97u4rNM/Ze7vU+62MVAUYXNI+JPkmop3aa6EhkZn7OfbbKysjHui1TNtkziV+haFZLRmabjuY+ZbLckDywx+TabOhbXWAVmbcL2ZfMKhdiy0BjitNbiZ8Lwr9uppY3Q06SrheOnGGjCyWZGAGlKAFa4kO9YPCkfIg0ssPpI1P4Op3lQLUOr0AQxohe57ixwn0Xf+3hoiEO2/9Yc//DnrfL2YbmeQ4BUv2s3E8ZtaXmp6w+424/puDWvg/5YW8nxpNtwV/f7kNigYCjgFTDu2DRLitK2HGN7wAFxER6J+AfZLbvr9mWSJoZEtbhSlQkos+IFHiGYDWrvRhjy7Nrfj1Kp5nO1BHO9olyCGiioMyIj1ICThNjWbph4lXXfovAB4Z4lC+MkgH/uvpDTFEo2r/nD4f8O/4qL19vnMrMvD19sxir4JX8bnPZX9U0dtn5x7+Cr7kNL36GAkli8MpK+jOajczY7r5KY8faGa/tNsKKsLchgALOfqu76UfAtwXJtOxV+HeeaRzQoMBwDtf+Z68FVSm1gRiVKOrbEhTKZ2EKQNRXXdKTCMtht9vbMJEul3SRQE3f5AWb4a/mBw0p8eUd5Pcd5v3vEteZ6AtEe43mcZtIMCEhsQqZyhLMLJhiYQCxL6ftuKRLg5My2t0gapoc5hzwVuoEw==",
            "id": "yusuf",
            "key_fingerprint": "8b6f34919832a1203c55bf449cbf612678c3f44e",
            "password": null,
            "password_length": 20,
            "password_reset_required": true,
            "pgp_key": "keybase:yusuf",
            "user": "yusuf"
          },
          "sensitive_attributes": [],
          "private": "bnVsbA==",
          "dependencies": [
            "aws_iam_user.eks_user"
          ]
        },
        {
          "index_key": 1,
          "schema_version": 0,
          "attributes": {
            "encrypted_password": "wcFMA5y/YSZ4w/ROAQ//QCrJxH2CkPrNnxbrXkaEH6vLfqzKD0r/yip9+tuXWrdSa0WUU1DSDv1ksqJLlZXwPjId+bgb2I4/oSAPZR3V3rZK47+ogkYHYX6amcZ7CznGTdB7ILEK/zfpJS9hX7XqOMeVlOlwl/dXPcNiW3nQQrw+FFo/50Rq3/elP/fUgq1Xl93eI42NWqZVGDmxc83Uc+WOoO8XOTnLEzeNJfW3XqSORrUKMCxkrYV3WXuTMQ/zvqaQkh50YMjKmbPeGzdcYdgMUcVjXAjCK6ppwF5cSPxFwQbMZ07+kLrKXGH92/pMgpwlJz2KKn+MDNXrLNf4HYDiCalZpZWBRELSBZ+kKwEKBy9gRUYnbM1CJDXqfP4dJQNPY0TjU0aNKa7ueNn3tqZNvTGyJ9Q045lMqUOUH2mgvJDnZFfW6/fsHku/HMxVa7Dq/z9NyNfynJnaDZLoYspLBPujmC8KYZbip3R7Y1TosVGELPfLEnnLRZoYNeE7oG929Xoj9gdIHPvvHc1DLufeb1CjN0kk4XBEVPH2PLx297OJFGON48rLYpjzCv79mDLvrqCqW7yq1+yz6f4MeLcFZtgZDiIqxlIxSfG9GdUE20TZd0QSvdFQL9gmpr75FxL8fRBzUXI45VA27dWB36L68uQ65k8McknH9wZ3DSNTw8DaV8+UmpRAuFjUqabSRQF9QK4ystYMVHahrmvn3d7hOuwibcCWUsEZOUlxe6ihPl/fK/zv6y/BiJdyWelNbBbc7JfdZt7CY4Y/TgwpR337N8QxlA==",
            "id": "manager",
            "key_fingerprint": "8b6f34919832a1203c55bf449cbf612678c3f44e",
            "password": null,
            "password_length": 20,
            "password_reset_required": true,
            "pgp_key": "keybase:yusuf",
            "user": "manager"
          },
          "sensitive_attributes": [],
          "private": "bnVsbA==",
          "dependencies": [
            "aws_iam_user.eks_user"
          ]
        },
        {
          "index_key": 2,
          "schema_version": 0,
          "attributes": {
            "encrypted_password": "wcFMA5y/YSZ4w/ROARAAqbfsOHPn57JgzbFFLTZlPSh0tEHeQUuUe0Y282DnQm8/NkfgJA30BlvpRdR2cMQV0iQB+HX0VKlRbxTmQGkOCr4MGKC8Bd9Mtb06opmm/3F/2AVI1JOWAm27FjoBIoont+Dg/o05s5QdA/jcABpNv1aaHGTjM+CGfqDcL2RlTZfQ67kXvZAr6Ghv2VXyNm0OkSVjRZhxqOStyCYf6SDbPiYnW9UcRhS64pSGdJqkgI4jkmaNFRNwFjrQ8rP6V0E2oYwwFe7dNzzw+XrkUvyZBot570EvPfOERYX6n8HMb+UJdFDbaxcqWb2CpLnEBiztkEYCvW6PObOvGrnZdQItNnomwIVFG0crU6udX/ejiMzAqkRhCsf/uJevdBtWfFsMuFj3lazRbVSdklmQ5ZNTuDFdgd4g5FokFf/rxQCkJifmR9HAPx7xDTgep/80aJr7mXitRSPqCPuYFADr9AuBk58970tY8xrip8xRmvyy+36untc/bMruB1EzM1ZfF2Mwb94YmLcKGtdsxGoD/RSEEB8tATqoVYMpoQr79CbaGYQwVaGbPF++6GHxf6WUNGhIChS3+5ZEmt3+Un24vaYb2clYUfRCVrrN4b5DLAeldfi4n2Xn/JExYrvgYA2SaNO//NdEPNhkyBQB8si8bj/Eks9KHsT7OxrUXW2qyz0nckbSRQHB0bTqmNKZSa/qdoXMKlOALAyX1IWld5DS+YgUeKSwz0nx3X3E9Uwb9Pa96tzjniZ1hQM0KuWlmsEgU+P4stuH70fYcw==",
            "id": "Ahniya",
            "key_fingerprint": "8b6f34919832a1203c55bf449cbf612678c3f44e",
            "password": null,
            "password_length": 20,
            "password_reset_required": true,
            "pgp_key": "keybase:yusuf",
            "user": "Ahniya"
          },
          "sensitive_attributes": [],
          "private": "bnVsbA==",
          "dependencies": [
            "aws_iam_user.eks_user"
          ]
        }
      ]
    }
  ],
  "check_results": null
}
